// !$*UTF8*$!
{
	archiveVersion = 1;
	classes = {
	};
	objectVersion = 50;
	objects = {

/* Begin PBXBuildFile section */
		3F9B00ED261F59D600410C2F /* AppDelegate.swift in Sources */ = {isa = PBXBuildFile; fileRef = 3F9B00EC261F59D600410C2F /* AppDelegate.swift */; };
		3F9B00EF261F59D600410C2F /* GameScene.sks in Resources */ = {isa = PBXBuildFile; fileRef = 3F9B00EE261F59D600410C2F /* GameScene.sks */; };
		3F9B00F1261F59D600410C2F /* Actions.sks in Resources */ = {isa = PBXBuildFile; fileRef = 3F9B00F0261F59D600410C2F /* Actions.sks */; };
		3F9B00F3261F59D600410C2F /* GameScene.swift in Sources */ = {isa = PBXBuildFile; fileRef = 3F9B00F2261F59D600410C2F /* GameScene.swift */; };
		3F9B00F5261F59D600410C2F /* GameViewController.swift in Sources */ = {isa = PBXBuildFile; fileRef = 3F9B00F4261F59D600410C2F /* GameViewController.swift */; };
		3F9B00F8261F59D600410C2F /* Main.storyboard in Resources */ = {isa = PBXBuildFile; fileRef = 3F9B00F6261F59D600410C2F /* Main.storyboard */; };
		3F9B00FA261F59DD00410C2F /* Assets.xcassets in Resources */ = {isa = PBXBuildFile; fileRef = 3F9B00F9261F59DD00410C2F /* Assets.xcassets */; };
		3F9B0105261F59DE00410C2F /* PlinkoTests.swift in Sources */ = {isa = PBXBuildFile; fileRef = 3F9B0104261F59DE00410C2F /* PlinkoTests.swift */; };
		3F9B0110261F59DE00410C2F /* PlinkoUITests.swift in Sources */ = {isa = PBXBuildFile; fileRef = 3F9B010F261F59DE00410C2F /* PlinkoUITests.swift */; };
/* End PBXBuildFile section */

/* Begin PBXContainerItemProxy section */
		3F9B0101261F59DD00410C2F /* PBXContainerItemProxy */ = {
			isa = PBXContainerItemProxy;
			containerPortal = 3F9B00E1261F59D600410C2F /* Project object */;
			proxyType = 1;
			remoteGlobalIDString = 3F9B00E8261F59D600410C2F;
			remoteInfo = Plinko;
		};
		3F9B010C261F59DE00410C2F /* PBXContainerItemProxy */ = {
			isa = PBXContainerItemProxy;
			containerPortal = 3F9B00E1261F59D600410C2F /* Project object */;
			proxyType = 1;
			remoteGlobalIDString = 3F9B00E8261F59D600410C2F;
			remoteInfo = Plinko;
		};
/* End PBXContainerItemProxy section */

/* Begin PBXFileReference section */
		3F9B00E9261F59D600410C2F /* Plinko.app */ = {isa = PBXFileReference; explicitFileType = wrapper.application; includeInIndex = 0; path = Plinko.app; sourceTree = BUILT_PRODUCTS_DIR; };
		3F9B00EC261F59D600410C2F /* AppDelegate.swift */ = {isa = PBXFileReference; lastKnownFileType = sourcecode.swift; path = AppDelegate.swift; sourceTree = "<group>"; };
		3F9B00EE261F59D600410C2F /* GameScene.sks */ = {isa = PBXFileReference; lastKnownFileType = file.sks; path = GameScene.sks; sourceTree = "<group>"; };
		3F9B00F0261F59D600410C2F /* Actions.sks */ = {isa = PBXFileReference; lastKnownFileType = file.sks; path = Actions.sks; sourceTree = "<group>"; };
		3F9B00F2261F59D600410C2F /* GameScene.swift */ = {isa = PBXFileReference; lastKnownFileType = sourcecode.swift; path = GameScene.swift; sourceTree = "<group>"; };
		3F9B00F4261F59D600410C2F /* GameViewController.swift */ = {isa = PBXFileReference; lastKnownFileType = sourcecode.swift; path = GameViewController.swift; sourceTree = "<group>"; };
		3F9B00F7261F59D600410C2F /* Base */ = {isa = PBXFileReference; lastKnownFileType = file.storyboard; name = Base; path = Base.lproj/Main.storyboard; sourceTree = "<group>"; };
		3F9B00F9261F59DD00410C2F /* Assets.xcassets */ = {isa = PBXFileReference; lastKnownFileType = folder.assetcatalog; path = Assets.xcassets; sourceTree = "<group>"; };
		3F9B00FB261F59DD00410C2F /* Info.plist */ = {isa = PBXFileReference; lastKnownFileType = text.plist.xml; path = Info.plist; sourceTree = "<group>"; };
		3F9B0100261F59DD00410C2F /* PlinkoTests.xctest */ = {isa = PBXFileReference; explicitFileType = wrapper.cfbundle; includeInIndex = 0; path = PlinkoTests.xctest; sourceTree = BUILT_PRODUCTS_DIR; };
		3F9B0104261F59DE00410C2F /* PlinkoTests.swift */ = {isa = PBXFileReference; lastKnownFileType = sourcecode.swift; path = PlinkoTests.swift; sourceTree = "<group>"; };
		3F9B0106261F59DE00410C2F /* Info.plist */ = {isa = PBXFileReference; lastKnownFileType = text.plist.xml; path = Info.plist; sourceTree = "<group>"; };
		3F9B010B261F59DE00410C2F /* PlinkoUITests.xctest */ = {isa = PBXFileReference; explicitFileType = wrapper.cfbundle; includeInIndex = 0; path = PlinkoUITests.xctest; sourceTree = BUILT_PRODUCTS_DIR; };
		3F9B010F261F59DE00410C2F /* PlinkoUITests.swift */ = {isa = PBXFileReference; lastKnownFileType = sourcecode.swift; path = PlinkoUITests.swift; sourceTree = "<group>"; };
		3F9B0111261F59DE00410C2F /* Info.plist */ = {isa = PBXFileReference; lastKnownFileType = text.plist.xml; path = Info.plist; sourceTree = "<group>"; };
/* End PBXFileReference section */

/* Begin PBXFrameworksBuildPhase section */
		3F9B00E6261F59D600410C2F /* Frameworks */ = {
			isa = PBXFrameworksBuildPhase;
			buildActionMask = 2147483647;
			files = (
			);
			runOnlyForDeploymentPostprocessing = 0;
		};
		3F9B00FD261F59DD00410C2F /* Frameworks */ = {
			isa = PBXFrameworksBuildPhase;
			buildActionMask = 2147483647;
			files = (
			);
			runOnlyForDeploymentPostprocessing = 0;
		};
		3F9B0108261F59DE00410C2F /* Frameworks */ = {
			isa = PBXFrameworksBuildPhase;
			buildActionMask = 2147483647;
			files = (
			);
			runOnlyForDeploymentPostprocessing = 0;
		};
/* End PBXFrameworksBuildPhase section */

/* Begin PBXGroup section */
		3F9B00E0261F59D600410C2F = {
			isa = PBXGroup;
			children = (
				3F9B00EB261F59D600410C2F /* Plinko */,
				3F9B0103261F59DE00410C2F /* PlinkoTests */,
				3F9B010E261F59DE00410C2F /* PlinkoUITests */,
				3F9B00EA261F59D600410C2F /* Products */,
			);
			sourceTree = "<group>";
		};
		3F9B00EA261F59D600410C2F /* Products */ = {
			isa = PBXGroup;
			children = (
				3F9B00E9261F59D600410C2F /* Plinko.app */,
				3F9B0100261F59DD00410C2F /* PlinkoTests.xctest */,
				3F9B010B261F59DE00410C2F /* PlinkoUITests.xctest */,
			);
			name = Products;
			sourceTree = "<group>";
		};
		3F9B00EB261F59D600410C2F /* Plinko */ = {
			isa = PBXGroup;
			children = (
				3F9B00EC261F59D600410C2F /* AppDelegate.swift */,
				3F9B00EE261F59D600410C2F /* GameScene.sks */,
				3F9B00F0261F59D600410C2F /* Actions.sks */,
				3F9B00F2261F59D600410C2F /* GameScene.swift */,
				3F9B00F4261F59D600410C2F /* GameViewController.swift */,
				3F9B00F6261F59D600410C2F /* Main.storyboard */,
				3F9B00F9261F59DD00410C2F /* Assets.xcassets */,
				3F9B00FB261F59DD00410C2F /* Info.plist */,
			);
			path = Plinko;
			sourceTree = "<group>";
		};
		3F9B0103261F59DE00410C2F /* PlinkoTests */ = {
			isa = PBXGroup;
			children = (
				3F9B0104261F59DE00410C2F /* PlinkoTests.swift */,
				3F9B0106261F59DE00410C2F /* Info.plist */,
			);
			path = PlinkoTests;
			sourceTree = "<group>";
		};
		3F9B010E261F59DE00410C2F /* PlinkoUITests */ = {
			isa = PBXGroup;
			children = (
				3F9B010F261F59DE00410C2F /* PlinkoUITests.swift */,
				3F9B0111261F59DE00410C2F /* Info.plist */,
			);
			path = PlinkoUITests;
			sourceTree = "<group>";
		};
/* End PBXGroup section */

/* Begin PBXNativeTarget section */
		3F9B00E8261F59D600410C2F /* Plinko */ = {
			isa = PBXNativeTarget;
			buildConfigurationList = 3F9B0114261F59DE00410C2F /* Build configuration list for PBXNativeTarget "Plinko" */;
			buildPhases = (
				3F9B00E5261F59D600410C2F /* Sources */,
				3F9B00E6261F59D600410C2F /* Frameworks */,
				3F9B00E7261F59D600410C2F /* Resources */,
			);
			buildRules = (
			);
			dependencies = (
			);
			name = Plinko;
			productName = Plinko;
			productReference = 3F9B00E9261F59D600410C2F /* Plinko.app */;
			productType = "com.apple.product-type.application";
		};
		3F9B00FF261F59DD00410C2F /* PlinkoTests */ = {
			isa = PBXNativeTarget;
			buildConfigurationList = 3F9B0117261F59DE00410C2F /* Build configuration list for PBXNativeTarget "PlinkoTests" */;
			buildPhases = (
				3F9B00FC261F59DD00410C2F /* Sources */,
				3F9B00FD261F59DD00410C2F /* Frameworks */,
				3F9B00FE261F59DD00410C2F /* Resources */,
			);
			buildRules = (
			);
			dependencies = (
				3F9B0102261F59DD00410C2F /* PBXTargetDependency */,
			);
			name = PlinkoTests;
			productName = PlinkoTests;
			productReference = 3F9B0100261F59DD00410C2F /* PlinkoTests.xctest */;
			productType = "com.apple.product-type.bundle.unit-test";
		};
		3F9B010A261F59DE00410C2F /* PlinkoUITests */ = {
			isa = PBXNativeTarget;
			buildConfigurationList = 3F9B011A261F59DE00410C2F /* Build configuration list for PBXNativeTarget "PlinkoUITests" */;
			buildPhases = (
				3F9B0107261F59DE00410C2F /* Sources */,
				3F9B0108261F59DE00410C2F /* Frameworks */,
				3F9B0109261F59DE00410C2F /* Resources */,
			);
			buildRules = (
			);
			dependencies = (
				3F9B010D261F59DE00410C2F /* PBXTargetDependency */,
			);
			name = PlinkoUITests;
			productName = PlinkoUITests;
			productReference = 3F9B010B261F59DE00410C2F /* PlinkoUITests.xctest */;
			productType = "com.apple.product-type.bundle.ui-testing";
		};
/* End PBXNativeTarget section */

/* Begin PBXProject section */
		3F9B00E1261F59D600410C2F /* Project object */ = {
			isa = PBXProject;
			attributes = {
				LastSwiftUpdateCheck = 1230;
				LastUpgradeCheck = 1230;
				TargetAttributes = {
					3F9B00E8261F59D600410C2F = {
						CreatedOnToolsVersion = 12.3;
					};
					3F9B00FF261F59DD00410C2F = {
						CreatedOnToolsVersion = 12.3;
						TestTargetID = 3F9B00E8261F59D600410C2F;
					};
					3F9B010A261F59DE00410C2F = {
						CreatedOnToolsVersion = 12.3;
						TestTargetID = 3F9B00E8261F59D600410C2F;
					};
				};
			};
			buildConfigurationList = 3F9B00E4261F59D600410C2F /* Build configuration list for PBXProject "Plinko" */;
			compatibilityVersion = "Xcode 9.3";
			developmentRegion = en;
			hasScannedForEncodings = 0;
			knownRegions = (
				en,
				Base,
			);
			mainGroup = 3F9B00E0261F59D600410C2F;
			productRefGroup = 3F9B00EA261F59D600410C2F /* Products */;
			projectDirPath = "";
			projectRoot = "";
			targets = (
				3F9B00E8261F59D600410C2F /* Plinko */,
				3F9B00FF261F59DD00410C2F /* PlinkoTests */,
				3F9B010A261F59DE00410C2F /* PlinkoUITests */,
			);
		};
/* End PBXProject section */

/* Begin PBXResourcesBuildPhase section */
		3F9B00E7261F59D600410C2F /* Resources */ = {
			isa = PBXResourcesBuildPhase;
			buildActionMask = 2147483647;
			files = (
				3F9B00F8261F59D600410C2F /* Main.storyboard in Resources */,
				3F9B00EF261F59D600410C2F /* GameScene.sks in Resources */,
				3F9B00FA261F59DD00410C2F /* Assets.xcassets in Resources */,
				3F9B00F1261F59D600410C2F /* Actions.sks in Resources */,
			);
			runOnlyForDeploymentPostprocessing = 0;
		};
		3F9B00FE261F59DD00410C2F /* Resources */ = {
			isa = PBXResourcesBuildPhase;
			buildActionMask = 2147483647;
			files = (
			);
			runOnlyForDeploymentPostprocessing = 0;
		};
		3F9B0109261F59DE00410C2F /* Resources */ = {
			isa = PBXResourcesBuildPhase;
			buildActionMask = 2147483647;
			files = (
			);
			runOnlyForDeploymentPostprocessing = 0;
		};
/* End PBXResourcesBuildPhase section */

/* Begin PBXSourcesBuildPhase section */
		3F9B00E5261F59D600410C2F /* Sources */ = {
			isa = PBXSourcesBuildPhase;
			buildActionMask = 2147483647;
			files = (
				3F9B00F3261F59D600410C2F /* GameScene.swift in Sources */,
				3F9B00F5261F59D600410C2F /* GameViewController.swift in Sources */,
				3F9B00ED261F59D600410C2F /* AppDelegate.swift in Sources */,
			);
			runOnlyForDeploymentPostprocessing = 0;
		};
		3F9B00FC261F59DD00410C2F /* Sources */ = {
			isa = PBXSourcesBuildPhase;
			buildActionMask = 2147483647;
			files = (
				3F9B0105261F59DE00410C2F /* PlinkoTests.swift in Sources */,
			);
			runOnlyForDeploymentPostprocessing = 0;
		};
		3F9B0107261F59DE00410C2F /* Sources */ = {
			isa = PBXSourcesBuildPhase;
			buildActionMask = 2147483647;
			files = (
				3F9B0110261F59DE00410C2F /* PlinkoUITests.swift in Sources */,
			);
			runOnlyForDeploymentPostprocessing = 0;
		};
/* End PBXSourcesBuildPhase section */

/* Begin PBXTargetDependency section */
		3F9B0102261F59DD00410C2F /* PBXTargetDependency */ = {
			isa = PBXTargetDependency;
			target = 3F9B00E8261F59D600410C2F /* Plinko */;
			targetProxy = 3F9B0101261F59DD00410C2F /* PBXContainerItemProxy */;
		};
		3F9B010D261F59DE00410C2F /* PBXTargetDependency */ = {
			isa = PBXTargetDependency;
			target = 3F9B00E8261F59D600410C2F /* Plinko */;
			targetProxy = 3F9B010C261F59DE00410C2F /* PBXContainerItemProxy */;
		};
/* End PBXTargetDependency section */

/* Begin PBXVariantGroup section */
		3F9B00F6261F59D600410C2F /* Main.storyboard */ = {
			isa = PBXVariantGroup;
			children = (
				3F9B00F7261F59D600410C2F /* Base */,
			);
			name = Main.storyboard;
			sourceTree = "<group>";
		};
/* End PBXVariantGroup section */

/* Begin XCBuildConfiguration section */
		3F9B0112261F59DE00410C2F /* Debug */ = {
			isa = XCBuildConfiguration;
			buildSettings = {
				ALWAYS_SEARCH_USER_PATHS = NO;
				CLANG_ANALYZER_NONNULL = YES;
				CLANG_ANALYZER_NUMBER_OBJECT_CONVERSION = YES_AGGRESSIVE;
				CLANG_CXX_LANGUAGE_STANDARD = "gnu++14";
				CLANG_CXX_LIBRARY = "libc++";
				CLANG_ENABLE_MODULES = YES;
				CLANG_ENABLE_OBJC_ARC = YES;
				CLANG_ENABLE_OBJC_WEAK = YES;
				CLANG_WARN_BLOCK_CAPTURE_AUTORELEASING = YES;
				CLANG_WARN_BOOL_CONVERSION = YES;
				CLANG_WARN_COMMA = YES;
				CLANG_WARN_CONSTANT_CONVERSION = YES;
				CLANG_WARN_DEPRECATED_OBJC_IMPLEMENTATIONS = YES;
				CLANG_WARN_DIRECT_OBJC_ISA_USAGE = YES_ERROR;
				CLANG_WARN_DOCUMENTATION_COMMENTS = YES;
				CLANG_WARN_EMPTY_BODY = YES;
				CLANG_WARN_ENUM_CONVERSION = YES;
				CLANG_WARN_INFINITE_RECURSION = YES;
				CLANG_WARN_INT_CONVERSION = YES;
				CLANG_WARN_NON_LITERAL_NULL_CONVERSION = YES;
				CLANG_WARN_OBJC_IMPLICIT_RETAIN_SELF = YES;
				CLANG_WARN_OBJC_LITERAL_CONVERSION = YES;
				CLANG_WARN_OBJC_ROOT_CLASS = YES_ERROR;
				CLANG_WARN_QUOTED_INCLUDE_IN_FRAMEWORK_HEADER = YES;
				CLANG_WARN_RANGE_LOOP_ANALYSIS = YES;
				CLANG_WARN_STRICT_PROTOTYPES = YES;
				CLANG_WARN_SUSPICIOUS_MOVE = YES;
				CLANG_WARN_UNGUARDED_AVAILABILITY = YES_AGGRESSIVE;
				CLANG_WARN_UNREACHABLE_CODE = YES;
				CLANG_WARN__DUPLICATE_METHOD_MATCH = YES;
				COPY_PHASE_STRIP = NO;
				DEBUG_INFORMATION_FORMAT = dwarf;
				ENABLE_STRICT_OBJC_MSGSEND = YES;
				ENABLE_TESTABILITY = YES;
				GCC_C_LANGUAGE_STANDARD = gnu11;
				GCC_DYNAMIC_NO_PIC = NO;
				GCC_NO_COMMON_BLOCKS = YES;
				GCC_OPTIMIZATION_LEVEL = 0;
				GCC_PREPROCESSOR_DEFINITIONS = (
					"DEBUG=1",
					"$(inherited)",
				);
				GCC_WARN_64_TO_32_BIT_CONVERSION = YES;
				GCC_WARN_ABOUT_RETURN_TYPE = YES_ERROR;
				GCC_WARN_UNDECLARED_SELECTOR = YES;
				GCC_WARN_UNINITIALIZED_AUTOS = YES_AGGRESSIVE;
				GCC_WARN_UNUSED_FUNCTION = YES;
				GCC_WARN_UNUSED_VARIABLE = YES;
				IPHONEOS_DEPLOYMENT_TARGET = 14.3;
				MTL_ENABLE_DEBUG_INFO = INCLUDE_SOURCE;
				MTL_FAST_MATH = YES;
				ONLY_ACTIVE_ARCH = YES;
				SDKROOT = iphoneos;
				SWIFT_ACTIVE_COMPILATION_CONDITIONS = DEBUG;
				SWIFT_OPTIMIZATION_LEVEL = "-Onone";
			};
			name = Debug;
		};
		3F9B0113261F59DE00410C2F /* Release */ = {
			isa = XCBuildConfiguration;
			buildSettings = {
				ALWAYS_SEARCH_USER_PATHS = NO;
				CLANG_ANALYZER_NONNULL = YES;
				CLANG_ANALYZER_NUMBER_OBJECT_CONVERSION = YES_AGGRESSIVE;
				CLANG_CXX_LANGUAGE_STANDARD = "gnu++14";
				CLANG_CXX_LIBRARY = "libc++";
				CLANG_ENABLE_MODULES = YES;
				CLANG_ENABLE_OBJC_ARC = YES;
				CLANG_ENABLE_OBJC_WEAK = YES;
				CLANG_WARN_BLOCK_CAPTURE_AUTORELEASING = YES;
				CLANG_WARN_BOOL_CONVERSION = YES;
				CLANG_WARN_COMMA = YES;
				CLANG_WARN_CONSTANT_CONVERSION = YES;
				CLANG_WARN_DEPRECATED_OBJC_IMPLEMENTATIONS = YES;
				CLANG_WARN_DIRECT_OBJC_ISA_USAGE = YES_ERROR;
				CLANG_WARN_DOCUMENTATION_COMMENTS = YES;
				CLANG_WARN_EMPTY_BODY = YES;
				CLANG_WARN_ENUM_CONVERSION = YES;
				CLANG_WARN_INFINITE_RECURSION = YES;
				CLANG_WARN_INT_CONVERSION = YES;
				CLANG_WARN_NON_LITERAL_NULL_CONVERSION = YES;
				CLANG_WARN_OBJC_IMPLICIT_RETAIN_SELF = YES;
				CLANG_WARN_OBJC_LITERAL_CONVERSION = YES;
				CLANG_WARN_OBJC_ROOT_CLASS = YES_ERROR;
				CLANG_WARN_QUOTED_INCLUDE_IN_FRAMEWORK_HEADER = YES;
				CLANG_WARN_RANGE_LOOP_ANALYSIS = YES;
				CLANG_WARN_STRICT_PROTOTYPES = YES;
				CLANG_WARN_SUSPICIOUS_MOVE = YES;
				CLANG_WARN_UNGUARDED_AVAILABILITY = YES_AGGRESSIVE;
				CLANG_WARN_UNREACHABLE_CODE = YES;
				CLANG_WARN__DUPLICATE_METHOD_MATCH = YES;
				COPY_PHASE_STRIP = NO;
				DEBUG_INFORMATION_FORMAT = "dwarf-with-dsym";
				ENABLE_NS_ASSERTIONS = NO;
				ENABLE_STRICT_OBJC_MSGSEND = YES;
				GCC_C_LANGUAGE_STANDARD = gnu11;
				GCC_NO_COMMON_BLOCKS = YES;
				GCC_WARN_64_TO_32_BIT_CONVERSION = YES;
				GCC_WARN_ABOUT_RETURN_TYPE = YES_ERROR;
				GCC_WARN_UNDECLARED_SELECTOR = YES;
				GCC_WARN_UNINITIALIZED_AUTOS = YES_AGGRESSIVE;
				GCC_WARN_UNUSED_FUNCTION = YES;
				GCC_WARN_UNUSED_VARIABLE = YES;
				IPHONEOS_DEPLOYMENT_TARGET = 14.3;
				MTL_ENABLE_DEBUG_INFO = NO;
				MTL_FAST_MATH = YES;
				SDKROOT = iphoneos;
				SWIFT_COMPILATION_MODE = wholemodule;
				SWIFT_OPTIMIZATION_LEVEL = "-O";
				VALIDATE_PRODUCT = YES;
			};
			name = Release;
		};
		3F9B0115261F59DE00410C2F /* Debug */ = {
			isa = XCBuildConfiguration;
			buildSettings = {
				ASSETCATALOG_COMPILER_APPICON_NAME = AppIcon;
				ASSETCATALOG_COMPILER_GLOBAL_ACCENT_COLOR_NAME = AccentColor;
				CODE_SIGN_STYLE = Automatic;
				DEVELOPMENT_TEAM = ZYV9QLBU33;
				INFOPLIST_FILE = Plinko/Info.plist;
				LD_RUNPATH_SEARCH_PATHS = (
					"$(inherited)",
					"@executable_path/Frameworks",
				);
				PRODUCT_BUNDLE_IDENTIFIER = SIM.Plinko;
				PRODUCT_NAME = "$(TARGET_NAME)";
				SWIFT_VERSION = 5.0;
				TARGETED_DEVICE_FAMILY = "1,2";
			};
			name = Debug;
		};
		3F9B0116261F59DE00410C2F /* Release */ = {
			isa = XCBuildConfiguration;
			buildSettings = {
				ASSETCATALOG_COMPILER_APPICON_NAME = AppIcon;
				ASSETCATALOG_COMPILER_GLOBAL_ACCENT_COLOR_NAME = AccentColor;
				CODE_SIGN_STYLE = Automatic;
				DEVELOPMENT_TEAM = ZYV9QLBU33;
				INFOPLIST_FILE = Plinko/Info.plist;
				LD_RUNPATH_SEARCH_PATHS = (
					"$(inherited)",
					"@executable_path/Frameworks",
				);
				PRODUCT_BUNDLE_IDENTIFIER = SIM.Plinko;
				PRODUCT_NAME = "$(TARGET_NAME)";
				SWIFT_VERSION = 5.0;
				TARGETED_DEVICE_FAMILY = "1,2";
			};
			name = Release;
		};
		3F9B0118261F59DE00410C2F /* Debug */ = {
			isa = XCBuildConfiguration;
			buildSettings = {
				ALWAYS_EMBED_SWIFT_STANDARD_LIBRARIES = YES;
				BUNDLE_LOADER = "$(TEST_HOST)";
				CODE_SIGN_STYLE = Automatic;
				DEVELOPMENT_TEAM = ZYV9QLBU33;
				INFOPLIST_FILE = PlinkoTests/Info.plist;
				IPHONEOS_DEPLOYMENT_TARGET = 14.3;
				LD_RUNPATH_SEARCH_PATHS = (
					"$(inherited)",
					"@executable_path/Frameworks",
					"@loader_path/Frameworks",
				);
				PRODUCT_BUNDLE_IDENTIFIER = SIM.PlinkoTests;
				PRODUCT_NAME = "$(TARGET_NAME)";
				SWIFT_VERSION = 5.0;
				TARGETED_DEVICE_FAMILY = "1,2";
				TEST_HOST = "$(BUILT_PRODUCTS_DIR)/Plinko.app/Plinko";
			};
			name = Debug;
		};
		3F9B0119261F59DE00410C2F /* Release */ = {
			isa = XCBuildConfiguration;
			buildSettings = {
				ALWAYS_EMBED_SWIFT_STANDARD_LIBRARIES = YES;
				BUNDLE_LOADER = "$(TEST_HOST)";
				CODE_SIGN_STYLE = Automatic;
				DEVELOPMENT_TEAM = ZYV9QLBU33;
				INFOPLIST_FILE = PlinkoTests/Info.plist;
				IPHONEOS_DEPLOYMENT_TARGET = 14.3;
				LD_RUNPATH_SEARCH_PATHS = (
					"$(inherited)",
					"@executable_path/Frameworks",
					"@loader_path/Frameworks",
				);
				PRODUCT_BUNDLE_IDENTIFIER = SIM.PlinkoTests;
				PRODUCT_NAME = "$(TARGET_NAME)";
				SWIFT_VERSION = 5.0;
				TARGETED_DEVICE_FAMILY = "1,2";
				TEST_HOST = "$(BUILT_PRODUCTS_DIR)/Plinko.app/Plinko";
			};
			name = Release;
		};
		3F9B011B261F59DE00410C2F /* Debug */ = {
			isa = XCBuildConfiguration;
			buildSettings = {
				ALWAYS_EMBED_SWIFT_STANDARD_LIBRARIES = YES;
				CODE_SIGN_STYLE = Automatic;
				DEVELOPMENT_TEAM = ZYV9QLBU33;
				INFOPLIST_FILE = PlinkoUITests/Info.plist;
				LD_RUNPATH_SEARCH_PATHS = (
					"$(inherited)",
					"@executable_path/Frameworks",
					"@loader_path/Frameworks",
				);
				PRODUCT_BUNDLE_IDENTIFIER = SIM.PlinkoUITests;
				PRODUCT_NAME = "$(TARGET_NAME)";
				SWIFT_VERSION = 5.0;
				TARGETED_DEVICE_FAMILY = "1,2";
				TEST_TARGET_NAME = Plinko;
			};
			name = Debug;
		};
		3F9B011C261F59DE00410C2F /* Release */ = {
			isa = XCBuildConfiguration;
			buildSettings = {
				ALWAYS_EMBED_SWIFT_STANDARD_LIBRARIES = YES;
				CODE_SIGN_STYLE = Automatic;
				DEVELOPMENT_TEAM = ZYV9QLBU33;
				INFOPLIST_FILE = PlinkoUITests/Info.plist;
				LD_RUNPATH_SEARCH_PATHS = (
					"$(inherited)",
					"@executable_path/Frameworks",
					"@loader_path/Frameworks",
				);
				PRODUCT_BUNDLE_IDENTIFIER = SIM.PlinkoUITests;
				PRODUCT_NAME = "$(TARGET_NAME)";
				SWIFT_VERSION = 5.0;
				TARGETED_DEVICE_FAMILY = "1,2";
				TEST_TARGET_NAME = Plinko;
			};
			name = Release;
		};
/* End XCBuildConfiguration section */

/* Begin XCConfigurationList section */
		3F9B00E4261F59D600410C2F /* Build configuration list for PBXProject "Plinko" */ = {
			isa = XCConfigurationList;
			buildConfigurations = (
				3F9B0112261F59DE00410C2F /* Debug */,
				3F9B0113261F59DE00410C2F /* Release */,
			);
			defaultConfigurationIsVisible = 0;
			defaultConfigurationName = Release;
		};
		3F9B0114261F59DE00410C2F /* Build configuration list for PBXNativeTarget "Plinko" */ = {
			isa = XCConfigurationList;
			buildConfigurations = (
				3F9B0115261F59DE00410C2F /* Debug */,
				3F9B0116261F59DE00410C2F /* Release */,
			);
			defaultConfigurationIsVisible = 0;
			defaultConfigurationName = Release;
		};
		3F9B0117261F59DE00410C2F /* Build configuration list for PBXNativeTarget "PlinkoTests" */ = {
			isa = XCConfigurationList;
			buildConfigurations = (
				3F9B0118261F59DE00410C2F /* Debug */,
				3F9B0119261F59DE00410C2F /* Release */,
			);
			defaultConfigurationIsVisible = 0;
			defaultConfigurationName = Release;
		};
		3F9B011A261F59DE00410C2F /* Build configuration list for PBXNativeTarget "PlinkoUITests" */ = {
			isa = XCConfigurationList;
			buildConfigurations = (
				3F9B011B261F59DE00410C2F /* Debug */,
				3F9B011C261F59DE00410C2F /* Release */,
			);
			defaultConfigurationIsVisible = 0;
			defaultConfigurationName = Release;
		};
/* End XCConfigurationList section */
	};
	rootObject = 3F9B00E1261F59D600410C2F /* Project object */;
}
